
Microsoft Visual Studio Solution File, Format Version 12.00
# Visual Studio Version 17
VisualStudioVersion = 17.13.35806.99 d17.13
MinimumVisualStudioVersion = 10.0.40219.1
Project("{FAE04EC0-301F-11D3-BF4B-00C04F79EFBC}") = "odev", "odev\odev.csproj", "{870E8631-937A-4BB7-A78F-0178CFF52CE1}"
EndProject
Global
	GlobalSection(SolutionConfigurationPlatforms) = preSolution
		Debug|Any CPU = Debug|Any CPU
		Release|Any CPU = Release|Any CPU
	EndGlobalSection
	GlobalSection(ProjectConfigurationPlatforms) = postSolution
		{870E8631-937A-4BB7-A78F-0178CFF52CE1}.Debug|Any CPU.ActiveCfg = Debug|Any CPU
		{870E8631-937A-4BB7-A78F-0178CFF52CE1}.Debug|Any CPU.Build.0 = Debug|Any CPU
		{870E8631-937A-4BB7-A78F-0178CFF52CE1}.Release|Any CPU.ActiveCfg = Release|Any CPU
		{870E8631-937A-4BB7-A78F-0178CFF52CE1}.Release|Any CPU.Build.0 = Release|Any CPU
	EndGlobalSection
	GlobalSection(SolutionProperties) = preSolution
		HideSolutionNode = FALSE
	EndGlobalSection
	GlobalSection(ExtensibilityGlobals) = postSolution
		SolutionGuid = {75B9787A-8C34-4CA3-B471-38C90251CB2B}
	EndGlobalSection
EndGlobal
